
Microsoft Visual Studio Solution File, Format Version 12.00
# Visual Studio Version 17
VisualStudioVersion = 17.4.33213.308
MinimumVisualStudioVersion = 10.0.40219.1
Project("{FAE04EC0-301F-11D3-BF4B-00C04F79EFBC}") = "MyCCTV", "MyCCTV.csproj", "{40309E8A-CD5D-424A-AC82-27C7FD9EF71D}"
EndProject
Global
	GlobalSection(SolutionConfigurationPlatforms) = preSolution
		Debug|Any CPU = Debug|Any CPU
		Release|Any CPU = Release|Any CPU
	EndGlobalSection
	GlobalSection(ProjectConfigurationPlatforms) = postSolution
		{40309E8A-CD5D-424A-AC82-27C7FD9EF71D}.Debug|Any CPU.ActiveCfg = Debug|Any CPU
		{40309E8A-CD5D-424A-AC82-27C7FD9EF71D}.Debug|Any CPU.Build.0 = Debug|Any CPU
		{40309E8A-CD5D-424A-AC82-27C7FD9EF71D}.Release|Any CPU.ActiveCfg = Release|Any CPU
		{40309E8A-CD5D-424A-AC82-27C7FD9EF71D}.Release|Any CPU.Build.0 = Release|Any CPU
	EndGlobalSection
	GlobalSection(SolutionProperties) = preSolution
		HideSolutionNode = FALSE
	EndGlobalSection
	GlobalSection(ExtensibilityGlobals) = postSolution
		SolutionGuid = {1F26836B-12B6-43F1-A196-6087C9EAE94F}
	EndGlobalSection
EndGlobal
